github.com/andybalholm/brotli v1.0.5 h1:8uQZIdzKmjc/iuPu7O2ioW48L81FgatrcpfFmiq/cCs=
github.com/andybalholm/brotli v1.0.5/go.mod h1:fO7iG3H7G2nSZ7m0zPUDn85XEX2GTukHGRSepvi9Eig=
github.com/buaazp/fasthttprouter v0.1.1 h1:4oAnN0C3xZjylvZJdP35cxfclyn4TYkW6Y+DSvS+h8Q=
github.com/buaazp/fasthttprouter v0.1.1/go.mod h1:h/Ap5oRVLeItGKTVBb+heQPks+HdIUtGmI4H5WCYijM=
github.com/erlanp/snow v0.0.0-20201030154923-f03d7b6f7412 h1:ZqYvKHOhLc5cSsse5+76VAhW2G25Hx8tsz+VOMQ2jKA=
github.com/erlanp/snow v0.0.0-20201030154923-f03d7b6f7412/go.mod h1:e1TjcngnQsJlFjwKH7NVFrRa17I5J76Mq/d1uXFZJJI=
github.com/erlanp/snow v0.0.0-20230330064146-db603ccbe63f h1:WNSt875c9+f7MDv/sWbWdy7d8J0tAHqoB57KZv/hBiA=
github.com/erlanp/snow v0.0.0-20230330064146-db603ccbe63f/go.mod h1:OfJQD6Pjpik06WDzIrJyvMyn0drxkxGH1vvC3NwQv0E=
github.com/klauspost/compress v1.16.3 h1:XuJt9zzcnaz6a16/OU53ZjWp/v7/42WcR5t2a0PcNQY=
github.com/klauspost/compress v1.16.3/go.mod h1:ntbaceVETuRiXiv4DpjP66DpAtAGkEQskQzEyD//IeE=
github.com/tsingson/fasthttp-guide v0.0.0-20220215085713-8e4487269ddf h1:OC8aiDeJBv8HxZXUgkn8MKmmLk1HMqXa6Fh9uCo+J74=
github.com/tsingson/fasthttp-guide v0.0.0-20220215085713-8e4487269ddf/go.mod h1:5/qAMoUWOV28idrfFC8hUakIh6gxoHkWm0uJg57wjDk=
github.com/valyala/bytebufferpool v1.0.0 h1:GqA5TC/0021Y/b9FG4Oi9Mr3q7XYx6KllzawFIhcdPw=
github.com/valyala/bytebufferpool v1.0.0/go.mod h1:6bBcMArwyJ5K/AmCkWv1jt77kVWyCJ6HpOuEn7z0Csc=
github.com/valyala/fasthttp v1.45.0 h1:zPkkzpIn8tdHZUrVa6PzYd0i5verqiPSkgTd3bSUcpA=
github.com/valyala/fasthttp v1.45.0/go.mod h1:k2zXd82h/7UZc3VOdJ2WaUqt1uZ/XpXAfE9i+HBC3lA=
github.com/xluohome/phonedata v0.0.0-20230225041646-934554285b90 h1:8eTyHFBGdbOcAhvdY2OF5LIT/mZwn2MoPZwY1Cr5QaY=
github.com/xluohome/phonedata v0.0.0-20230225041646-934554285b90/go.mod h1:xLEBvbUFvuBHRWeV/SNefGARR5QedFRkThwnodnmCKw=
